
Microsoft Visual Studio Solution File, Format Version 12.00
Project("{FAE04EC0-301F-11D3-BF4B-00C04F79EFBC}") = "Zadanie3", "Zadanie3.csproj", "{B9F54C1D-6801-414B-8133-3E112DCADFDB}"
EndProject
Global
	GlobalSection(SolutionConfigurationPlatforms) = preSolution
		Debug|Any CPU = Debug|Any CPU
		Release|Any CPU = Release|Any CPU
	EndGlobalSection
	GlobalSection(ProjectConfigurationPlatforms) = postSolution
		{B9F54C1D-6801-414B-8133-3E112DCADFDB}.Debug|Any CPU.ActiveCfg = Debug|Any CPU
		{B9F54C1D-6801-414B-8133-3E112DCADFDB}.Debug|Any CPU.Build.0 = Debug|Any CPU
		{B9F54C1D-6801-414B-8133-3E112DCADFDB}.Release|Any CPU.ActiveCfg = Release|Any CPU
		{B9F54C1D-6801-414B-8133-3E112DCADFDB}.Release|Any CPU.Build.0 = Release|Any CPU
	EndGlobalSection
EndGlobal
